
Microsoft Visual Studio Solution File, Format Version 12.00
# Visual Studio 15
Project("{FAE04EC0-301F-11D3-BF4B-00C04F79EFBC}") = "Assembly-CSharp", "Assembly-CSharp.csproj", "{092CCDD3-540D-8206-E82D-8A538B646F3E}"
EndProject
Project("{FAE04EC0-301F-11D3-BF4B-00C04F79EFBC}") = "Microsoft.MixedReality.WebRTC.Unity", "Microsoft.MixedReality.WebRTC.Unity.csproj", "{986F4528-030B-DF8D-62CC-9CBF97F224EA}"
EndProject
Project("{FAE04EC0-301F-11D3-BF4B-00C04F79EFBC}") = "Assembly-CSharp-Editor", "Assembly-CSharp-Editor.csproj", "{31689CB6-94D7-36A8-DF66-D78B5DAA67A4}"
EndProject
Project("{FAE04EC0-301F-11D3-BF4B-00C04F79EFBC}") = "Microsoft.MixedReality.WebRTC.Unity.Editor", "Microsoft.MixedReality.WebRTC.Unity.Editor.csproj", "{7B3BF960-6AEB-CDB4-D882-8433F7450D96}"
EndProject
Project("{FAE04EC0-301F-11D3-BF4B-00C04F79EFBC}") = "Assembly-CSharp.Player", "Assembly-CSharp.Player.csproj", "{37CDCF3F-0389-B63F-5625-A1C74B87B5B7}"
EndProject
Project("{FAE04EC0-301F-11D3-BF4B-00C04F79EFBC}") = "Unity.TextMeshPro.Player", "Unity.TextMeshPro.Player.csproj", "{F1CA471D-22AC-18A9-132D-9C670FF66678}"
EndProject
Project("{FAE04EC0-301F-11D3-BF4B-00C04F79EFBC}") = "Unity.Analytics.DataPrivacy.Player", "Unity.Analytics.DataPrivacy.Player.csproj", "{42411805-2A76-B786-50D5-240EEE2DE49C}"
EndProject
Project("{FAE04EC0-301F-11D3-BF4B-00C04F79EFBC}") = "Unity.XR.WindowsMR.Player", "Unity.XR.WindowsMR.Player.csproj", "{83F5DC8B-F4E3-DE24-5B63-E900B5A94812}"
EndProject
Project("{FAE04EC0-301F-11D3-BF4B-00C04F79EFBC}") = "Microsoft.MixedReality.WebRTC.Unity.Player", "Microsoft.MixedReality.WebRTC.Unity.Player.csproj", "{D2487C48-53D6-B771-52CD-441A7C9C6FAB}"
EndProject
Global
	GlobalSection(SolutionConfigurationPlatforms) = preSolution
		Debug|Any CPU = Debug|Any CPU
		Release|Any CPU = Release|Any CPU
	EndGlobalSection
	GlobalSection(ProjectConfigurationPlatforms) = postSolution
		{092CCDD3-540D-8206-E82D-8A538B646F3E}.Debug|Any CPU.ActiveCfg = Debug|Any CPU
		{092CCDD3-540D-8206-E82D-8A538B646F3E}.Debug|Any CPU.Build.0 = Debug|Any CPU
		{092CCDD3-540D-8206-E82D-8A538B646F3E}.Release|Any CPU.ActiveCfg = Release|Any CPU
		{092CCDD3-540D-8206-E82D-8A538B646F3E}.Release|Any CPU.Build.0 = Release|Any CPU
		{986F4528-030B-DF8D-62CC-9CBF97F224EA}.Debug|Any CPU.ActiveCfg = Debug|Any CPU
		{986F4528-030B-DF8D-62CC-9CBF97F224EA}.Debug|Any CPU.Build.0 = Debug|Any CPU
		{986F4528-030B-DF8D-62CC-9CBF97F224EA}.Release|Any CPU.ActiveCfg = Release|Any CPU
		{986F4528-030B-DF8D-62CC-9CBF97F224EA}.Release|Any CPU.Build.0 = Release|Any CPU
		{31689CB6-94D7-36A8-DF66-D78B5DAA67A4}.Debug|Any CPU.ActiveCfg = Debug|Any CPU
		{31689CB6-94D7-36A8-DF66-D78B5DAA67A4}.Debug|Any CPU.Build.0 = Debug|Any CPU
		{31689CB6-94D7-36A8-DF66-D78B5DAA67A4}.Release|Any CPU.ActiveCfg = Release|Any CPU
		{31689CB6-94D7-36A8-DF66-D78B5DAA67A4}.Release|Any CPU.Build.0 = Release|Any CPU
		{7B3BF960-6AEB-CDB4-D882-8433F7450D96}.Debug|Any CPU.ActiveCfg = Debug|Any CPU
		{7B3BF960-6AEB-CDB4-D882-8433F7450D96}.Debug|Any CPU.Build.0 = Debug|Any CPU
		{7B3BF960-6AEB-CDB4-D882-8433F7450D96}.Release|Any CPU.ActiveCfg = Release|Any CPU
		{7B3BF960-6AEB-CDB4-D882-8433F7450D96}.Release|Any CPU.Build.0 = Release|Any CPU
		{37CDCF3F-0389-B63F-5625-A1C74B87B5B7}.Debug|Any CPU.ActiveCfg = Debug|Any CPU
		{37CDCF3F-0389-B63F-5625-A1C74B87B5B7}.Debug|Any CPU.Build.0 = Debug|Any CPU
		{37CDCF3F-0389-B63F-5625-A1C74B87B5B7}.Release|Any CPU.ActiveCfg = Release|Any CPU
		{37CDCF3F-0389-B63F-5625-A1C74B87B5B7}.Release|Any CPU.Build.0 = Release|Any CPU
		{F1CA471D-22AC-18A9-132D-9C670FF66678}.Debug|Any CPU.ActiveCfg = Debug|Any CPU
		{F1CA471D-22AC-18A9-132D-9C670FF66678}.Debug|Any CPU.Build.0 = Debug|Any CPU
		{F1CA471D-22AC-18A9-132D-9C670FF66678}.Release|Any CPU.ActiveCfg = Release|Any CPU
		{F1CA471D-22AC-18A9-132D-9C670FF66678}.Release|Any CPU.Build.0 = Release|Any CPU
		{42411805-2A76-B786-50D5-240EEE2DE49C}.Debug|Any CPU.ActiveCfg = Debug|Any CPU
		{42411805-2A76-B786-50D5-240EEE2DE49C}.Debug|Any CPU.Build.0 = Debug|Any CPU
		{42411805-2A76-B786-50D5-240EEE2DE49C}.Release|Any CPU.ActiveCfg = Release|Any CPU
		{42411805-2A76-B786-50D5-240EEE2DE49C}.Release|Any CPU.Build.0 = Release|Any CPU
		{83F5DC8B-F4E3-DE24-5B63-E900B5A94812}.Debug|Any CPU.ActiveCfg = Debug|Any CPU
		{83F5DC8B-F4E3-DE24-5B63-E900B5A94812}.Debug|Any CPU.Build.0 = Debug|Any CPU
		{83F5DC8B-F4E3-DE24-5B63-E900B5A94812}.Release|Any CPU.ActiveCfg = Release|Any CPU
		{83F5DC8B-F4E3-DE24-5B63-E900B5A94812}.Release|Any CPU.Build.0 = Release|Any CPU
		{D2487C48-53D6-B771-52CD-441A7C9C6FAB}.Debug|Any CPU.ActiveCfg = Debug|Any CPU
		{D2487C48-53D6-B771-52CD-441A7C9C6FAB}.Debug|Any CPU.Build.0 = Debug|Any CPU
		{D2487C48-53D6-B771-52CD-441A7C9C6FAB}.Release|Any CPU.ActiveCfg = Release|Any CPU
		{D2487C48-53D6-B771-52CD-441A7C9C6FAB}.Release|Any CPU.Build.0 = Release|Any CPU
	EndGlobalSection
	GlobalSection(SolutionProperties) = preSolution
		HideSolutionNode = FALSE
	EndGlobalSection
EndGlobal
